github.com/speedata/hyphenation v1.0.2 h1:2rDCtAqNfbf+E56SsqbmNApsVx9CH+4fwIh1RZuu3B8=
github.com/speedata/hyphenation v1.0.2/go.mod h1:vwrKKvBvJWFll0sVZw99hyWS/+r4YlMI7MAYjnje0nM=
github.com/yuin/goldmark v1.5.4 h1:2uY/xC0roWy8IBEGLgB1ywIoEJFGmRrX21YQcvGZzjU=
github.com/yuin/goldmark v1.5.4/go.mod h1:6yULJ656Px+3vBD8DxQVa3kxgyrAnzto9xy5taEt/CY=
